
Microsoft Visual Studio Solution File, Format Version 12.00
# Visual Studio 15
Project("{FAE04EC0-301F-11D3-BF4B-00C04F79EFBC}") = "Assembly-CSharp", "Assembly-CSharp.csproj", "{885DD973-5BCF-E134-5696-0802648110CF}"
EndProject
Project("{FAE04EC0-301F-11D3-BF4B-00C04F79EFBC}") = "Assembly-CSharp-Editor", "Assembly-CSharp-Editor.csproj", "{C49E92F9-492E-8936-6B73-5A57225F466C}"
EndProject
Global
	GlobalSection(SolutionConfigurationPlatforms) = preSolution
		Debug|Any CPU = Debug|Any CPU
		Release|Any CPU = Release|Any CPU
	EndGlobalSection
	GlobalSection(ProjectConfigurationPlatforms) = postSolution
		{885DD973-5BCF-E134-5696-0802648110CF}.Debug|Any CPU.ActiveCfg = Debug|Any CPU
		{885DD973-5BCF-E134-5696-0802648110CF}.Debug|Any CPU.Build.0 = Debug|Any CPU
		{885DD973-5BCF-E134-5696-0802648110CF}.Release|Any CPU.ActiveCfg = Release|Any CPU
		{885DD973-5BCF-E134-5696-0802648110CF}.Release|Any CPU.Build.0 = Release|Any CPU
		{C49E92F9-492E-8936-6B73-5A57225F466C}.Debug|Any CPU.ActiveCfg = Debug|Any CPU
		{C49E92F9-492E-8936-6B73-5A57225F466C}.Debug|Any CPU.Build.0 = Debug|Any CPU
		{C49E92F9-492E-8936-6B73-5A57225F466C}.Release|Any CPU.ActiveCfg = Release|Any CPU
		{C49E92F9-492E-8936-6B73-5A57225F466C}.Release|Any CPU.Build.0 = Release|Any CPU
	EndGlobalSection
	GlobalSection(SolutionProperties) = preSolution
		HideSolutionNode = FALSE
	EndGlobalSection
EndGlobal
